// !$*UTF8*$!
{
	archiveVersion = 1;
	classes = {
	};
	objectVersion = 50;
	objects = {

/* Begin PBXBuildFile section */
		2DBE21EB25C804880064C658 /* DiceApp.swift in Sources */ = {isa = PBXBuildFile; fileRef = 2DBE21EA25C804880064C658 /* DiceApp.swift */; };
		2DBE21ED25C804880064C658 /* ContentView.swift in Sources */ = {isa = PBXBuildFile; fileRef = 2DBE21EC25C804880064C658 /* ContentView.swift */; };
		2DBE21EF25C8048B0064C658 /* Assets.xcassets in Resources */ = {isa = PBXBuildFile; fileRef = 2DBE21EE25C8048B0064C658 /* Assets.xcassets */; };
		2DBE21F225C8048B0064C658 /* Preview Assets.xcassets in Resources */ = {isa = PBXBuildFile; fileRef = 2DBE21F125C8048B0064C658 /* Preview Assets.xcassets */; };
		2DBE21FD25C8048B0064C658 /* diceTests.swift in Sources */ = {isa = PBXBuildFile; fileRef = 2DBE21FC25C8048B0064C658 /* diceTests.swift */; };
		2DBE220825C8048B0064C658 /* diceUITests.swift in Sources */ = {isa = PBXBuildFile; fileRef = 2DBE220725C8048B0064C658 /* diceUITests.swift */; };
/* End PBXBuildFile section */

/* Begin PBXContainerItemProxy section */
		2DBE21F925C8048B0064C658 /* PBXContainerItemProxy */ = {
			isa = PBXContainerItemProxy;
			containerPortal = 2DBE21DF25C804880064C658 /* Project object */;
			proxyType = 1;
			remoteGlobalIDString = 2DBE21E625C804880064C658;
			remoteInfo = dice;
		};
		2DBE220425C8048B0064C658 /* PBXContainerItemProxy */ = {
			isa = PBXContainerItemProxy;
			containerPortal = 2DBE21DF25C804880064C658 /* Project object */;
			proxyType = 1;
			remoteGlobalIDString = 2DBE21E625C804880064C658;
			remoteInfo = dice;
		};
/* End PBXContainerItemProxy section */

/* Begin PBXFileReference section */
		2DBE21E725C804880064C658 /* Dice.app */ = {isa = PBXFileReference; explicitFileType = wrapper.application; includeInIndex = 0; path = Dice.app; sourceTree = BUILT_PRODUCTS_DIR; };
		2DBE21EA25C804880064C658 /* DiceApp.swift */ = {isa = PBXFileReference; lastKnownFileType = sourcecode.swift; path = DiceApp.swift; sourceTree = "<group>"; };
		2DBE21EC25C804880064C658 /* ContentView.swift */ = {isa = PBXFileReference; lastKnownFileType = sourcecode.swift; path = ContentView.swift; sourceTree = "<group>"; };
		2DBE21EE25C8048B0064C658 /* Assets.xcassets */ = {isa = PBXFileReference; lastKnownFileType = folder.assetcatalog; path = Assets.xcassets; sourceTree = "<group>"; };
		2DBE21F125C8048B0064C658 /* Preview Assets.xcassets */ = {isa = PBXFileReference; lastKnownFileType = folder.assetcatalog; path = "Preview Assets.xcassets"; sourceTree = "<group>"; };
		2DBE21F325C8048B0064C658 /* Info.plist */ = {isa = PBXFileReference; lastKnownFileType = text.plist.xml; path = Info.plist; sourceTree = "<group>"; };
		2DBE21F825C8048B0064C658 /* DiceTests.xctest */ = {isa = PBXFileReference; explicitFileType = wrapper.cfbundle; includeInIndex = 0; path = DiceTests.xctest; sourceTree = BUILT_PRODUCTS_DIR; };
		2DBE21FC25C8048B0064C658 /* diceTests.swift */ = {isa = PBXFileReference; lastKnownFileType = sourcecode.swift; path = diceTests.swift; sourceTree = "<group>"; };
		2DBE21FE25C8048B0064C658 /* Info.plist */ = {isa = PBXFileReference; lastKnownFileType = text.plist.xml; path = Info.plist; sourceTree = "<group>"; };
		2DBE220325C8048B0064C658 /* DiceUITests.xctest */ = {isa = PBXFileReference; explicitFileType = wrapper.cfbundle; includeInIndex = 0; path = DiceUITests.xctest; sourceTree = BUILT_PRODUCTS_DIR; };
		2DBE220725C8048B0064C658 /* diceUITests.swift */ = {isa = PBXFileReference; lastKnownFileType = sourcecode.swift; path = diceUITests.swift; sourceTree = "<group>"; };
		2DBE220925C8048B0064C658 /* Info.plist */ = {isa = PBXFileReference; lastKnownFileType = text.plist.xml; path = Info.plist; sourceTree = "<group>"; };
/* End PBXFileReference section */

/* Begin PBXFrameworksBuildPhase section */
		2DBE21E425C804880064C658 /* Frameworks */ = {
			isa = PBXFrameworksBuildPhase;
			buildActionMask = 2147483647;
			files = (
			);
			runOnlyForDeploymentPostprocessing = 0;
		};
		2DBE21F525C8048B0064C658 /* Frameworks */ = {
			isa = PBXFrameworksBuildPhase;
			buildActionMask = 2147483647;
			files = (
			);
			runOnlyForDeploymentPostprocessing = 0;
		};
		2DBE220025C8048B0064C658 /* Frameworks */ = {
			isa = PBXFrameworksBuildPhase;
			buildActionMask = 2147483647;
			files = (
			);
			runOnlyForDeploymentPostprocessing = 0;
		};
/* End PBXFrameworksBuildPhase section */

/* Begin PBXGroup section */
		2DBE21DE25C804880064C658 = {
			isa = PBXGroup;
			children = (
				2DBE21E925C804880064C658 /* Dice */,
				2DBE21FB25C8048B0064C658 /* DiceTests */,
				2DBE220625C8048B0064C658 /* DiceUITests */,
				2DBE21E825C804880064C658 /* Products */,
			);
			sourceTree = "<group>";
		};
		2DBE21E825C804880064C658 /* Products */ = {
			isa = PBXGroup;
			children = (
				2DBE21E725C804880064C658 /* Dice.app */,
				2DBE21F825C8048B0064C658 /* DiceTests.xctest */,
				2DBE220325C8048B0064C658 /* DiceUITests.xctest */,
			);
			name = Products;
			sourceTree = "<group>";
		};
		2DBE21E925C804880064C658 /* Dice */ = {
			isa = PBXGroup;
			children = (
				2DBE21EA25C804880064C658 /* DiceApp.swift */,
				2DBE21EC25C804880064C658 /* ContentView.swift */,
				2DBE21EE25C8048B0064C658 /* Assets.xcassets */,
				2DBE21F325C8048B0064C658 /* Info.plist */,
				2DBE21F025C8048B0064C658 /* Preview Content */,
			);
			path = Dice;
			sourceTree = "<group>";
		};
		2DBE21F025C8048B0064C658 /* Preview Content */ = {
			isa = PBXGroup;
			children = (
				2DBE21F125C8048B0064C658 /* Preview Assets.xcassets */,
			);
			path = "Preview Content";
			sourceTree = "<group>";
		};
		2DBE21FB25C8048B0064C658 /* DiceTests */ = {
			isa = PBXGroup;
			children = (
				2DBE21FC25C8048B0064C658 /* diceTests.swift */,
				2DBE21FE25C8048B0064C658 /* Info.plist */,
			);
			path = DiceTests;
			sourceTree = "<group>";
		};
		2DBE220625C8048B0064C658 /* DiceUITests */ = {
			isa = PBXGroup;
			children = (
				2DBE220725C8048B0064C658 /* diceUITests.swift */,
				2DBE220925C8048B0064C658 /* Info.plist */,
			);
			path = DiceUITests;
			sourceTree = "<group>";
		};
/* End PBXGroup section */

/* Begin PBXNativeTarget section */
		2DBE21E625C804880064C658 /* Dice */ = {
			isa = PBXNativeTarget;
			buildConfigurationList = 2DBE220C25C8048B0064C658 /* Build configuration list for PBXNativeTarget "Dice" */;
			buildPhases = (
				2DBE21E325C804880064C658 /* Sources */,
				2DBE21E425C804880064C658 /* Frameworks */,
				2DBE21E525C804880064C658 /* Resources */,
			);
			buildRules = (
			);
			dependencies = (
			);
			name = Dice;
			productName = dice;
			productReference = 2DBE21E725C804880064C658 /* Dice.app */;
			productType = "com.apple.product-type.application";
		};
		2DBE21F725C8048B0064C658 /* DiceTests */ = {
			isa = PBXNativeTarget;
			buildConfigurationList = 2DBE220F25C8048B0064C658 /* Build configuration list for PBXNativeTarget "DiceTests" */;
			buildPhases = (
				2DBE21F425C8048B0064C658 /* Sources */,
				2DBE21F525C8048B0064C658 /* Frameworks */,
				2DBE21F625C8048B0064C658 /* Resources */,
			);
			buildRules = (
			);
			dependencies = (
				2DBE21FA25C8048B0064C658 /* PBXTargetDependency */,
			);
			name = DiceTests;
			productName = diceTests;
			productReference = 2DBE21F825C8048B0064C658 /* DiceTests.xctest */;
			productType = "com.apple.product-type.bundle.unit-test";
		};
		2DBE220225C8048B0064C658 /* DiceUITests */ = {
			isa = PBXNativeTarget;
			buildConfigurationList = 2DBE221225C8048B0064C658 /* Build configuration list for PBXNativeTarget "DiceUITests" */;
			buildPhases = (
				2DBE21FF25C8048B0064C658 /* Sources */,
				2DBE220025C8048B0064C658 /* Frameworks */,
				2DBE220125C8048B0064C658 /* Resources */,
			);
			buildRules = (
			);
			dependencies = (
				2DBE220525C8048B0064C658 /* PBXTargetDependency */,
			);
			name = DiceUITests;
			productName = diceUITests;
			productReference = 2DBE220325C8048B0064C658 /* DiceUITests.xctest */;
			productType = "com.apple.product-type.bundle.ui-testing";
		};
/* End PBXNativeTarget section */

/* Begin PBXProject section */
		2DBE21DF25C804880064C658 /* Project object */ = {
			isa = PBXProject;
			attributes = {
				LastSwiftUpdateCheck = 1230;
				LastUpgradeCheck = 1230;
				TargetAttributes = {
					2DBE21E625C804880064C658 = {
						CreatedOnToolsVersion = 12.3;
					};
					2DBE21F725C8048B0064C658 = {
						CreatedOnToolsVersion = 12.3;
						TestTargetID = 2DBE21E625C804880064C658;
					};
					2DBE220225C8048B0064C658 = {
						CreatedOnToolsVersion = 12.3;
						TestTargetID = 2DBE21E625C804880064C658;
					};
				};
			};
			buildConfigurationList = 2DBE21E225C804880064C658 /* Build configuration list for PBXProject "Dice" */;
			compatibilityVersion = "Xcode 9.3";
			developmentRegion = en;
			hasScannedForEncodings = 0;
			knownRegions = (
				en,
				Base,
			);
			mainGroup = 2DBE21DE25C804880064C658;
			productRefGroup = 2DBE21E825C804880064C658 /* Products */;
			projectDirPath = "";
			projectRoot = "";
			targets = (
				2DBE21E625C804880064C658 /* Dice */,
				2DBE21F725C8048B0064C658 /* DiceTests */,
				2DBE220225C8048B0064C658 /* DiceUITests */,
			);
		};
/* End PBXProject section */

/* Begin PBXResourcesBuildPhase section */
		2DBE21E525C804880064C658 /* Resources */ = {
			isa = PBXResourcesBuildPhase;
			buildActionMask = 2147483647;
			files = (
				2DBE21F225C8048B0064C658 /* Preview Assets.xcassets in Resources */,
				2DBE21EF25C8048B0064C658 /* Assets.xcassets in Resources */,
			);
			runOnlyForDeploymentPostprocessing = 0;
		};
		2DBE21F625C8048B0064C658 /* Resources */ = {
			isa = PBXResourcesBuildPhase;
			buildActionMask = 2147483647;
			files = (
			);
			runOnlyForDeploymentPostprocessing = 0;
		};
		2DBE220125C8048B0064C658 /* Resources */ = {
			isa = PBXResourcesBuildPhase;
			buildActionMask = 2147483647;
			files = (
			);
			runOnlyForDeploymentPostprocessing = 0;
		};
/* End PBXResourcesBuildPhase section */

/* Begin PBXSourcesBuildPhase section */
		2DBE21E325C804880064C658 /* Sources */ = {
			isa = PBXSourcesBuildPhase;
			buildActionMask = 2147483647;
			files = (
				2DBE21ED25C804880064C658 /* ContentView.swift in Sources */,
				2DBE21EB25C804880064C658 /* DiceApp.swift in Sources */,
			);
			runOnlyForDeploymentPostprocessing = 0;
		};
		2DBE21F425C8048B0064C658 /* Sources */ = {
			isa = PBXSourcesBuildPhase;
			buildActionMask = 2147483647;
			files = (
				2DBE21FD25C8048B0064C658 /* diceTests.swift in Sources */,
			);
			runOnlyForDeploymentPostprocessing = 0;
		};
		2DBE21FF25C8048B0064C658 /* Sources */ = {
			isa = PBXSourcesBuildPhase;
			buildActionMask = 2147483647;
			files = (
				2DBE220825C8048B0064C658 /* diceUITests.swift in Sources */,
			);
			runOnlyForDeploymentPostprocessing = 0;
		};
/* End PBXSourcesBuildPhase section */

/* Begin PBXTargetDependency section */
		2DBE21FA25C8048B0064C658 /* PBXTargetDependency */ = {
			isa = PBXTargetDependency;
			target = 2DBE21E625C804880064C658 /* Dice */;
			targetProxy = 2DBE21F925C8048B0064C658 /* PBXContainerItemProxy */;
		};
		2DBE220525C8048B0064C658 /* PBXTargetDependency */ = {
			isa = PBXTargetDependency;
			target = 2DBE21E625C804880064C658 /* Dice */;
			targetProxy = 2DBE220425C8048B0064C658 /* PBXContainerItemProxy */;
		};
/* End PBXTargetDependency section */

/* Begin XCBuildConfiguration section */
		2DBE220A25C8048B0064C658 /* Debug */ = {
			isa = XCBuildConfiguration;
			buildSettings = {
				ALWAYS_SEARCH_USER_PATHS = NO;
				CLANG_ANALYZER_NONNULL = YES;
				CLANG_ANALYZER_NUMBER_OBJECT_CONVERSION = YES_AGGRESSIVE;
				CLANG_CXX_LANGUAGE_STANDARD = "gnu++14";
				CLANG_CXX_LIBRARY = "libc++";
				CLANG_ENABLE_MODULES = YES;
				CLANG_ENABLE_OBJC_ARC = YES;
				CLANG_ENABLE_OBJC_WEAK = YES;
				CLANG_WARN_BLOCK_CAPTURE_AUTORELEASING = YES;
				CLANG_WARN_BOOL_CONVERSION = YES;
				CLANG_WARN_COMMA = YES;
				CLANG_WARN_CONSTANT_CONVERSION = YES;
				CLANG_WARN_DEPRECATED_OBJC_IMPLEMENTATIONS = YES;
				CLANG_WARN_DIRECT_OBJC_ISA_USAGE = YES_ERROR;
				CLANG_WARN_DOCUMENTATION_COMMENTS = YES;
				CLANG_WARN_EMPTY_BODY = YES;
				CLANG_WARN_ENUM_CONVERSION = YES;
				CLANG_WARN_INFINITE_RECURSION = YES;
				CLANG_WARN_INT_CONVERSION = YES;
				CLANG_WARN_NON_LITERAL_NULL_CONVERSION = YES;
				CLANG_WARN_OBJC_IMPLICIT_RETAIN_SELF = YES;
				CLANG_WARN_OBJC_LITERAL_CONVERSION = YES;
				CLANG_WARN_OBJC_ROOT_CLASS = YES_ERROR;
				CLANG_WARN_QUOTED_INCLUDE_IN_FRAMEWORK_HEADER = YES;
				CLANG_WARN_RANGE_LOOP_ANALYSIS = YES;
				CLANG_WARN_STRICT_PROTOTYPES = YES;
				CLANG_WARN_SUSPICIOUS_MOVE = YES;
				CLANG_WARN_UNGUARDED_AVAILABILITY = YES_AGGRESSIVE;
				CLANG_WARN_UNREACHABLE_CODE = YES;
				CLANG_WARN__DUPLICATE_METHOD_MATCH = YES;
				COPY_PHASE_STRIP = NO;
				DEBUG_INFORMATION_FORMAT = dwarf;
				ENABLE_STRICT_OBJC_MSGSEND = YES;
				ENABLE_TESTABILITY = YES;
				GCC_C_LANGUAGE_STANDARD = gnu11;
				GCC_DYNAMIC_NO_PIC = NO;
				GCC_NO_COMMON_BLOCKS = YES;
				GCC_OPTIMIZATION_LEVEL = 0;
				GCC_PREPROCESSOR_DEFINITIONS = (
					"DEBUG=1",
					"$(inherited)",
				);
				GCC_WARN_64_TO_32_BIT_CONVERSION = YES;
				GCC_WARN_ABOUT_RETURN_TYPE = YES_ERROR;
				GCC_WARN_UNDECLARED_SELECTOR = YES;
				GCC_WARN_UNINITIALIZED_AUTOS = YES_AGGRESSIVE;
				GCC_WARN_UNUSED_FUNCTION = YES;
				GCC_WARN_UNUSED_VARIABLE = YES;
				IPHONEOS_DEPLOYMENT_TARGET = 14.3;
				MTL_ENABLE_DEBUG_INFO = INCLUDE_SOURCE;
				MTL_FAST_MATH = YES;
				ONLY_ACTIVE_ARCH = YES;
				SDKROOT = iphoneos;
				SWIFT_ACTIVE_COMPILATION_CONDITIONS = DEBUG;
				SWIFT_OPTIMIZATION_LEVEL = "-Onone";
			};
			name = Debug;
		};
		2DBE220B25C8048B0064C658 /* Release */ = {
			isa = XCBuildConfiguration;
			buildSettings = {
				ALWAYS_SEARCH_USER_PATHS = NO;
				CLANG_ANALYZER_NONNULL = YES;
				CLANG_ANALYZER_NUMBER_OBJECT_CONVERSION = YES_AGGRESSIVE;
				CLANG_CXX_LANGUAGE_STANDARD = "gnu++14";
				CLANG_CXX_LIBRARY = "libc++";
				CLANG_ENABLE_MODULES = YES;
				CLANG_ENABLE_OBJC_ARC = YES;
				CLANG_ENABLE_OBJC_WEAK = YES;
				CLANG_WARN_BLOCK_CAPTURE_AUTORELEASING = YES;
				CLANG_WARN_BOOL_CONVERSION = YES;
				CLANG_WARN_COMMA = YES;
				CLANG_WARN_CONSTANT_CONVERSION = YES;
				CLANG_WARN_DEPRECATED_OBJC_IMPLEMENTATIONS = YES;
				CLANG_WARN_DIRECT_OBJC_ISA_USAGE = YES_ERROR;
				CLANG_WARN_DOCUMENTATION_COMMENTS = YES;
				CLANG_WARN_EMPTY_BODY = YES;
				CLANG_WARN_ENUM_CONVERSION = YES;
				CLANG_WARN_INFINITE_RECURSION = YES;
				CLANG_WARN_INT_CONVERSION = YES;
				CLANG_WARN_NON_LITERAL_NULL_CONVERSION = YES;
				CLANG_WARN_OBJC_IMPLICIT_RETAIN_SELF = YES;
				CLANG_WARN_OBJC_LITERAL_CONVERSION = YES;
				CLANG_WARN_OBJC_ROOT_CLASS = YES_ERROR;
				CLANG_WARN_QUOTED_INCLUDE_IN_FRAMEWORK_HEADER = YES;
				CLANG_WARN_RANGE_LOOP_ANALYSIS = YES;
				CLANG_WARN_STRICT_PROTOTYPES = YES;
				CLANG_WARN_SUSPICIOUS_MOVE = YES;
				CLANG_WARN_UNGUARDED_AVAILABILITY = YES_AGGRESSIVE;
				CLANG_WARN_UNREACHABLE_CODE = YES;
				CLANG_WARN__DUPLICATE_METHOD_MATCH = YES;
				COPY_PHASE_STRIP = NO;
				DEBUG_INFORMATION_FORMAT = "dwarf-with-dsym";
				ENABLE_NS_ASSERTIONS = NO;
				ENABLE_STRICT_OBJC_MSGSEND = YES;
				GCC_C_LANGUAGE_STANDARD = gnu11;
				GCC_NO_COMMON_BLOCKS = YES;
				GCC_WARN_64_TO_32_BIT_CONVERSION = YES;
				GCC_WARN_ABOUT_RETURN_TYPE = YES_ERROR;
				GCC_WARN_UNDECLARED_SELECTOR = YES;
				GCC_WARN_UNINITIALIZED_AUTOS = YES_AGGRESSIVE;
				GCC_WARN_UNUSED_FUNCTION = YES;
				GCC_WARN_UNUSED_VARIABLE = YES;
				IPHONEOS_DEPLOYMENT_TARGET = 14.3;
				MTL_ENABLE_DEBUG_INFO = NO;
				MTL_FAST_MATH = YES;
				SDKROOT = iphoneos;
				SWIFT_COMPILATION_MODE = wholemodule;
				SWIFT_OPTIMIZATION_LEVEL = "-O";
				VALIDATE_PRODUCT = YES;
			};
			name = Release;
		};
		2DBE220D25C8048B0064C658 /* Debug */ = {
			isa = XCBuildConfiguration;
			buildSettings = {
				ASSETCATALOG_COMPILER_APPICON_NAME = AppIcon;
				ASSETCATALOG_COMPILER_GLOBAL_ACCENT_COLOR_NAME = AccentColor;
				CODE_SIGN_STYLE = Automatic;
				DEVELOPMENT_ASSET_PATHS = "\"dice/Preview Content\"";
				ENABLE_PREVIEWS = YES;
				INFOPLIST_FILE = dice/Info.plist;
				IPHONEOS_DEPLOYMENT_TARGET = 14.0;
				LD_RUNPATH_SEARCH_PATHS = (
					"$(inherited)",
					"@executable_path/Frameworks",
				);
				PRODUCT_BUNDLE_IDENTIFIER = com.hieutrac.dice;
				PRODUCT_NAME = "$(TARGET_NAME)";
				SWIFT_VERSION = 5.0;
				TARGETED_DEVICE_FAMILY = "1,2";
			};
			name = Debug;
		};
		2DBE220E25C8048B0064C658 /* Release */ = {
			isa = XCBuildConfiguration;
			buildSettings = {
				ASSETCATALOG_COMPILER_APPICON_NAME = AppIcon;
				ASSETCATALOG_COMPILER_GLOBAL_ACCENT_COLOR_NAME = AccentColor;
				CODE_SIGN_STYLE = Automatic;
				DEVELOPMENT_ASSET_PATHS = "\"dice/Preview Content\"";
				ENABLE_PREVIEWS = YES;
				INFOPLIST_FILE = dice/Info.plist;
				IPHONEOS_DEPLOYMENT_TARGET = 14.0;
				LD_RUNPATH_SEARCH_PATHS = (
					"$(inherited)",
					"@executable_path/Frameworks",
				);
				PRODUCT_BUNDLE_IDENTIFIER = com.hieutrac.dice;
				PRODUCT_NAME = "$(TARGET_NAME)";
				SWIFT_VERSION = 5.0;
				TARGETED_DEVICE_FAMILY = "1,2";
			};
			name = Release;
		};
		2DBE221025C8048B0064C658 /* Debug */ = {
			isa = XCBuildConfiguration;
			buildSettings = {
				ALWAYS_EMBED_SWIFT_STANDARD_LIBRARIES = YES;
				BUNDLE_LOADER = "$(TEST_HOST)";
				CODE_SIGN_STYLE = Automatic;
				INFOPLIST_FILE = diceTests/Info.plist;
				IPHONEOS_DEPLOYMENT_TARGET = 14.0;
				LD_RUNPATH_SEARCH_PATHS = (
					"$(inherited)",
					"@executable_path/Frameworks",
					"@loader_path/Frameworks",
				);
				PRODUCT_BUNDLE_IDENTIFIER = com.hieutrac.diceTests;
				PRODUCT_NAME = "$(TARGET_NAME)";
				SWIFT_VERSION = 5.0;
				TARGETED_DEVICE_FAMILY = "1,2";
				TEST_HOST = "$(BUILT_PRODUCTS_DIR)/Dice.app/Dice";
			};
			name = Debug;
		};
		2DBE221125C8048B0064C658 /* Release */ = {
			isa = XCBuildConfiguration;
			buildSettings = {
				ALWAYS_EMBED_SWIFT_STANDARD_LIBRARIES = YES;
				BUNDLE_LOADER = "$(TEST_HOST)";
				CODE_SIGN_STYLE = Automatic;
				INFOPLIST_FILE = diceTests/Info.plist;
				IPHONEOS_DEPLOYMENT_TARGET = 14.0;
				LD_RUNPATH_SEARCH_PATHS = (
					"$(inherited)",
					"@executable_path/Frameworks",
					"@loader_path/Frameworks",
				);
				PRODUCT_BUNDLE_IDENTIFIER = com.hieutrac.diceTests;
				PRODUCT_NAME = "$(TARGET_NAME)";
				SWIFT_VERSION = 5.0;
				TARGETED_DEVICE_FAMILY = "1,2";
				TEST_HOST = "$(BUILT_PRODUCTS_DIR)/Dice.app/Dice";
			};
			name = Release;
		};
		2DBE221325C8048B0064C658 /* Debug */ = {
			isa = XCBuildConfiguration;
			buildSettings = {
				ALWAYS_EMBED_SWIFT_STANDARD_LIBRARIES = YES;
				CODE_SIGN_STYLE = Automatic;
				INFOPLIST_FILE = diceUITests/Info.plist;
				LD_RUNPATH_SEARCH_PATHS = (
					"$(inherited)",
					"@executable_path/Frameworks",
					"@loader_path/Frameworks",
				);
				PRODUCT_BUNDLE_IDENTIFIER = com.hieutrac.diceUITests;
				PRODUCT_NAME = "$(TARGET_NAME)";
				SWIFT_VERSION = 5.0;
				TARGETED_DEVICE_FAMILY = "1,2";
				TEST_TARGET_NAME = dice;
			};
			name = Debug;
		};
		2DBE221425C8048B0064C658 /* Release */ = {
			isa = XCBuildConfiguration;
			buildSettings = {
				ALWAYS_EMBED_SWIFT_STANDARD_LIBRARIES = YES;
				CODE_SIGN_STYLE = Automatic;
				INFOPLIST_FILE = diceUITests/Info.plist;
				LD_RUNPATH_SEARCH_PATHS = (
					"$(inherited)",
					"@executable_path/Frameworks",
					"@loader_path/Frameworks",
				);
				PRODUCT_BUNDLE_IDENTIFIER = com.hieutrac.diceUITests;
				PRODUCT_NAME = "$(TARGET_NAME)";
				SWIFT_VERSION = 5.0;
				TARGETED_DEVICE_FAMILY = "1,2";
				TEST_TARGET_NAME = dice;
			};
			name = Release;
		};
/* End XCBuildConfiguration section */

/* Begin XCConfigurationList section */
		2DBE21E225C804880064C658 /* Build configuration list for PBXProject "Dice" */ = {
			isa = XCConfigurationList;
			buildConfigurations = (
				2DBE220A25C8048B0064C658 /* Debug */,
				2DBE220B25C8048B0064C658 /* Release */,
			);
			defaultConfigurationIsVisible = 0;
			defaultConfigurationName = Release;
		};
		2DBE220C25C8048B0064C658 /* Build configuration list for PBXNativeTarget "Dice" */ = {
			isa = XCConfigurationList;
			buildConfigurations = (
				2DBE220D25C8048B0064C658 /* Debug */,
				2DBE220E25C8048B0064C658 /* Release */,
			);
			defaultConfigurationIsVisible = 0;
			defaultConfigurationName = Release;
		};
		2DBE220F25C8048B0064C658 /* Build configuration list for PBXNativeTarget "DiceTests" */ = {
			isa = XCConfigurationList;
			buildConfigurations = (
				2DBE221025C8048B0064C658 /* Debug */,
				2DBE221125C8048B0064C658 /* Release */,
			);
			defaultConfigurationIsVisible = 0;
			defaultConfigurationName = Release;
		};
		2DBE221225C8048B0064C658 /* Build configuration list for PBXNativeTarget "DiceUITests" */ = {
			isa = XCConfigurationList;
			buildConfigurations = (
				2DBE221325C8048B0064C658 /* Debug */,
				2DBE221425C8048B0064C658 /* Release */,
			);
			defaultConfigurationIsVisible = 0;
			defaultConfigurationName = Release;
		};
/* End XCConfigurationList section */
	};
	rootObject = 2DBE21DF25C804880064C658 /* Project object */;
}
